
Microsoft Visual Studio Solution File, Format Version 12.00
# Visual Studio 15
VisualStudioVersion = 15.0.28010.2016
MinimumVisualStudioVersion = 10.0.40219.1
Project("{FAE04EC0-301F-11D3-BF4B-00C04F79EFBC}") = "CocosSharpDemoParticulas.Android", "CocosSharpDemoParticulas\CocosSharpDemoParticulas.Android\CocosSharpDemoParticulas.Android.csproj", "{CC48D283-CF55-424F-86ED-13F1FDA8AD24}"
EndProject
Project("{FAE04EC0-301F-11D3-BF4B-00C04F79EFBC}") = "CocosSharpDemoParticulas.iOS", "CocosSharpDemoParticulas\CocosSharpDemoParticulas.iOS\CocosSharpDemoParticulas.iOS.csproj", "{820619A3-67CA-4E5C-9405-C60E72572FA1}"
EndProject
Project("{FAE04EC0-301F-11D3-BF4B-00C04F79EFBC}") = "CocosSharpDemoParticulas", "CocosSharpDemoParticulas\CocosSharpDemoParticulas\CocosSharpDemoParticulas.csproj", "{0DE2BA48-1A95-45E6-9491-26C9D1574B44}"
EndProject
Global
	GlobalSection(SolutionConfigurationPlatforms) = preSolution
		Ad-Hoc|Any CPU = Ad-Hoc|Any CPU
		Ad-Hoc|iPhone = Ad-Hoc|iPhone
		Ad-Hoc|iPhoneSimulator = Ad-Hoc|iPhoneSimulator
		AppStore|Any CPU = AppStore|Any CPU
		AppStore|iPhone = AppStore|iPhone
		AppStore|iPhoneSimulator = AppStore|iPhoneSimulator
		Debug|Any CPU = Debug|Any CPU
		Debug|iPhone = Debug|iPhone
		Debug|iPhoneSimulator = Debug|iPhoneSimulator
		Release|Any CPU = Release|Any CPU
		Release|iPhone = Release|iPhone
		Release|iPhoneSimulator = Release|iPhoneSimulator
	EndGlobalSection
	GlobalSection(ProjectConfigurationPlatforms) = postSolution
		{CC48D283-CF55-424F-86ED-13F1FDA8AD24}.Ad-Hoc|Any CPU.ActiveCfg = Release|Any CPU
		{CC48D283-CF55-424F-86ED-13F1FDA8AD24}.Ad-Hoc|Any CPU.Build.0 = Release|Any CPU
		{CC48D283-CF55-424F-86ED-13F1FDA8AD24}.Ad-Hoc|Any CPU.Deploy.0 = Release|Any CPU
		{CC48D283-CF55-424F-86ED-13F1FDA8AD24}.Ad-Hoc|iPhone.ActiveCfg = Release|Any CPU
		{CC48D283-CF55-424F-86ED-13F1FDA8AD24}.Ad-Hoc|iPhone.Build.0 = Release|Any CPU
		{CC48D283-CF55-424F-86ED-13F1FDA8AD24}.Ad-Hoc|iPhone.Deploy.0 = Release|Any CPU
		{CC48D283-CF55-424F-86ED-13F1FDA8AD24}.Ad-Hoc|iPhoneSimulator.ActiveCfg = Release|Any CPU
		{CC48D283-CF55-424F-86ED-13F1FDA8AD24}.Ad-Hoc|iPhoneSimulator.Build.0 = Release|Any CPU
		{CC48D283-CF55-424F-86ED-13F1FDA8AD24}.Ad-Hoc|iPhoneSimulator.Deploy.0 = Release|Any CPU
		{CC48D283-CF55-424F-86ED-13F1FDA8AD24}.AppStore|Any CPU.ActiveCfg = Release|Any CPU
		{CC48D283-CF55-424F-86ED-13F1FDA8AD24}.AppStore|Any CPU.Build.0 = Release|Any CPU
		{CC48D283-CF55-424F-86ED-13F1FDA8AD24}.AppStore|Any CPU.Deploy.0 = Release|Any CPU
		{CC48D283-CF55-424F-86ED-13F1FDA8AD24}.AppStore|iPhone.ActiveCfg = Release|Any CPU
		{CC48D283-CF55-424F-86ED-13F1FDA8AD24}.AppStore|iPhone.Build.0 = Release|Any CPU
		{CC48D283-CF55-424F-86ED-13F1FDA8AD24}.AppStore|iPhone.Deploy.0 = Release|Any CPU
		{CC48D283-CF55-424F-86ED-13F1FDA8AD24}.AppStore|iPhoneSimulator.ActiveCfg = Release|Any CPU
		{CC48D283-CF55-424F-86ED-13F1FDA8AD24}.AppStore|iPhoneSimulator.Build.0 = Release|Any CPU
		{CC48D283-CF55-424F-86ED-13F1FDA8AD24}.AppStore|iPhoneSimulator.Deploy.0 = Release|Any CPU
		{CC48D283-CF55-424F-86ED-13F1FDA8AD24}.Debug|Any CPU.ActiveCfg = Debug|Any CPU
		{CC48D283-CF55-424F-86ED-13F1FDA8AD24}.Debug|Any CPU.Build.0 = Debug|Any CPU
		{CC48D283-CF55-424F-86ED-13F1FDA8AD24}.Debug|Any CPU.Deploy.0 = Debug|Any CPU
		{CC48D283-CF55-424F-86ED-13F1FDA8AD24}.Debug|iPhone.ActiveCfg = Debug|Any CPU
		{CC48D283-CF55-424F-86ED-13F1FDA8AD24}.Debug|iPhone.Build.0 = Debug|Any CPU
		{CC48D283-CF55-424F-86ED-13F1FDA8AD24}.Debug|iPhone.Deploy.0 = Debug|Any CPU
		{CC48D283-CF55-424F-86ED-13F1FDA8AD24}.Debug|iPhoneSimulator.ActiveCfg = Debug|Any CPU
		{CC48D283-CF55-424F-86ED-13F1FDA8AD24}.Debug|iPhoneSimulator.Build.0 = Debug|Any CPU
		{CC48D283-CF55-424F-86ED-13F1FDA8AD24}.Debug|iPhoneSimulator.Deploy.0 = Debug|Any CPU
		{CC48D283-CF55-424F-86ED-13F1FDA8AD24}.Release|Any CPU.ActiveCfg = Release|Any CPU
		{CC48D283-CF55-424F-86ED-13F1FDA8AD24}.Release|Any CPU.Build.0 = Release|Any CPU
		{CC48D283-CF55-424F-86ED-13F1FDA8AD24}.Release|Any CPU.Deploy.0 = Release|Any CPU
		{CC48D283-CF55-424F-86ED-13F1FDA8AD24}.Release|iPhone.ActiveCfg = Release|Any CPU
		{CC48D283-CF55-424F-86ED-13F1FDA8AD24}.Release|iPhone.Build.0 = Release|Any CPU
		{CC48D283-CF55-424F-86ED-13F1FDA8AD24}.Release|iPhone.Deploy.0 = Release|Any CPU
		{CC48D283-CF55-424F-86ED-13F1FDA8AD24}.Release|iPhoneSimulator.ActiveCfg = Release|Any CPU
		{CC48D283-CF55-424F-86ED-13F1FDA8AD24}.Release|iPhoneSimulator.Build.0 = Release|Any CPU
		{CC48D283-CF55-424F-86ED-13F1FDA8AD24}.Release|iPhoneSimulator.Deploy.0 = Release|Any CPU
		{820619A3-67CA-4E5C-9405-C60E72572FA1}.Ad-Hoc|Any CPU.ActiveCfg = Ad-Hoc|iPhone
		{820619A3-67CA-4E5C-9405-C60E72572FA1}.Ad-Hoc|Any CPU.Build.0 = Ad-Hoc|iPhone
		{820619A3-67CA-4E5C-9405-C60E72572FA1}.Ad-Hoc|Any CPU.Deploy.0 = Ad-Hoc|iPhone
		{820619A3-67CA-4E5C-9405-C60E72572FA1}.Ad-Hoc|iPhone.ActiveCfg = Ad-Hoc|iPhone
		{820619A3-67CA-4E5C-9405-C60E72572FA1}.Ad-Hoc|iPhone.Build.0 = Ad-Hoc|iPhone
		{820619A3-67CA-4E5C-9405-C60E72572FA1}.Ad-Hoc|iPhone.Deploy.0 = Ad-Hoc|iPhone
		{820619A3-67CA-4E5C-9405-C60E72572FA1}.Ad-Hoc|iPhoneSimulator.ActiveCfg = Ad-Hoc|iPhoneSimulator
		{820619A3-67CA-4E5C-9405-C60E72572FA1}.Ad-Hoc|iPhoneSimulator.Build.0 = Ad-Hoc|iPhoneSimulator
		{820619A3-67CA-4E5C-9405-C60E72572FA1}.Ad-Hoc|iPhoneSimulator.Deploy.0 = Ad-Hoc|iPhoneSimulator
		{820619A3-67CA-4E5C-9405-C60E72572FA1}.AppStore|Any CPU.ActiveCfg = AppStore|iPhone
		{820619A3-67CA-4E5C-9405-C60E72572FA1}.AppStore|Any CPU.Build.0 = AppStore|iPhone
		{820619A3-67CA-4E5C-9405-C60E72572FA1}.AppStore|Any CPU.Deploy.0 = AppStore|iPhone
		{820619A3-67CA-4E5C-9405-C60E72572FA1}.AppStore|iPhone.ActiveCfg = AppStore|iPhone
		{820619A3-67CA-4E5C-9405-C60E72572FA1}.AppStore|iPhone.Build.0 = AppStore|iPhone
		{820619A3-67CA-4E5C-9405-C60E72572FA1}.AppStore|iPhone.Deploy.0 = AppStore|iPhone
		{820619A3-67CA-4E5C-9405-C60E72572FA1}.AppStore|iPhoneSimulator.ActiveCfg = AppStore|iPhoneSimulator
		{820619A3-67CA-4E5C-9405-C60E72572FA1}.AppStore|iPhoneSimulator.Build.0 = AppStore|iPhoneSimulator
		{820619A3-67CA-4E5C-9405-C60E72572FA1}.AppStore|iPhoneSimulator.Deploy.0 = AppStore|iPhoneSimulator
		{820619A3-67CA-4E5C-9405-C60E72572FA1}.Debug|Any CPU.ActiveCfg = Debug|iPhoneSimulator
		{820619A3-67CA-4E5C-9405-C60E72572FA1}.Debug|Any CPU.Build.0 = Debug|iPhoneSimulator
		{820619A3-67CA-4E5C-9405-C60E72572FA1}.Debug|Any CPU.Deploy.0 = Debug|iPhoneSimulator
		{820619A3-67CA-4E5C-9405-C60E72572FA1}.Debug|iPhone.ActiveCfg = Debug|iPhone
		{820619A3-67CA-4E5C-9405-C60E72572FA1}.Debug|iPhone.Build.0 = Debug|iPhone
		{820619A3-67CA-4E5C-9405-C60E72572FA1}.Debug|iPhone.Deploy.0 = Debug|iPhone
		{820619A3-67CA-4E5C-9405-C60E72572FA1}.Debug|iPhoneSimulator.ActiveCfg = Debug|iPhoneSimulator
		{820619A3-67CA-4E5C-9405-C60E72572FA1}.Debug|iPhoneSimulator.Build.0 = Debug|iPhoneSimulator
		{820619A3-67CA-4E5C-9405-C60E72572FA1}.Debug|iPhoneSimulator.Deploy.0 = Debug|iPhoneSimulator
		{820619A3-67CA-4E5C-9405-C60E72572FA1}.Release|Any CPU.ActiveCfg = Release|iPhone
		{820619A3-67CA-4E5C-9405-C60E72572FA1}.Release|Any CPU.Build.0 = Release|iPhone
		{820619A3-67CA-4E5C-9405-C60E72572FA1}.Release|Any CPU.Deploy.0 = Release|iPhone
		{820619A3-67CA-4E5C-9405-C60E72572FA1}.Release|iPhone.ActiveCfg = Release|iPhone
		{820619A3-67CA-4E5C-9405-C60E72572FA1}.Release|iPhone.Build.0 = Release|iPhone
		{820619A3-67CA-4E5C-9405-C60E72572FA1}.Release|iPhone.Deploy.0 = Release|iPhone
		{820619A3-67CA-4E5C-9405-C60E72572FA1}.Release|iPhoneSimulator.ActiveCfg = Release|iPhoneSimulator
		{820619A3-67CA-4E5C-9405-C60E72572FA1}.Release|iPhoneSimulator.Build.0 = Release|iPhoneSimulator
		{820619A3-67CA-4E5C-9405-C60E72572FA1}.Release|iPhoneSimulator.Deploy.0 = Release|iPhoneSimulator
		{0DE2BA48-1A95-45E6-9491-26C9D1574B44}.Ad-Hoc|Any CPU.ActiveCfg = Debug|Any CPU
		{0DE2BA48-1A95-45E6-9491-26C9D1574B44}.Ad-Hoc|Any CPU.Build.0 = Debug|Any CPU
		{0DE2BA48-1A95-45E6-9491-26C9D1574B44}.Ad-Hoc|Any CPU.Deploy.0 = Debug|Any CPU
		{0DE2BA48-1A95-45E6-9491-26C9D1574B44}.Ad-Hoc|iPhone.ActiveCfg = Debug|Any CPU
		{0DE2BA48-1A95-45E6-9491-26C9D1574B44}.Ad-Hoc|iPhone.Build.0 = Debug|Any CPU
		{0DE2BA48-1A95-45E6-9491-26C9D1574B44}.Ad-Hoc|iPhone.Deploy.0 = Debug|Any CPU
		{0DE2BA48-1A95-45E6-9491-26C9D1574B44}.Ad-Hoc|iPhoneSimulator.ActiveCfg = Debug|Any CPU
		{0DE2BA48-1A95-45E6-9491-26C9D1574B44}.Ad-Hoc|iPhoneSimulator.Build.0 = Debug|Any CPU
		{0DE2BA48-1A95-45E6-9491-26C9D1574B44}.Ad-Hoc|iPhoneSimulator.Deploy.0 = Debug|Any CPU
		{0DE2BA48-1A95-45E6-9491-26C9D1574B44}.AppStore|Any CPU.ActiveCfg = Debug|Any CPU
		{0DE2BA48-1A95-45E6-9491-26C9D1574B44}.AppStore|Any CPU.Build.0 = Debug|Any CPU
		{0DE2BA48-1A95-45E6-9491-26C9D1574B44}.AppStore|Any CPU.Deploy.0 = Debug|Any CPU
		{0DE2BA48-1A95-45E6-9491-26C9D1574B44}.AppStore|iPhone.ActiveCfg = Debug|Any CPU
		{0DE2BA48-1A95-45E6-9491-26C9D1574B44}.AppStore|iPhone.Build.0 = Debug|Any CPU
		{0DE2BA48-1A95-45E6-9491-26C9D1574B44}.AppStore|iPhone.Deploy.0 = Debug|Any CPU
		{0DE2BA48-1A95-45E6-9491-26C9D1574B44}.AppStore|iPhoneSimulator.ActiveCfg = Debug|Any CPU
		{0DE2BA48-1A95-45E6-9491-26C9D1574B44}.AppStore|iPhoneSimulator.Build.0 = Debug|Any CPU
		{0DE2BA48-1A95-45E6-9491-26C9D1574B44}.AppStore|iPhoneSimulator.Deploy.0 = Debug|Any CPU
		{0DE2BA48-1A95-45E6-9491-26C9D1574B44}.Debug|Any CPU.ActiveCfg = Debug|Any CPU
		{0DE2BA48-1A95-45E6-9491-26C9D1574B44}.Debug|Any CPU.Build.0 = Debug|Any CPU
		{0DE2BA48-1A95-45E6-9491-26C9D1574B44}.Debug|Any CPU.Deploy.0 = Debug|Any CPU
		{0DE2BA48-1A95-45E6-9491-26C9D1574B44}.Debug|iPhone.ActiveCfg = Debug|Any CPU
		{0DE2BA48-1A95-45E6-9491-26C9D1574B44}.Debug|iPhone.Build.0 = Debug|Any CPU
		{0DE2BA48-1A95-45E6-9491-26C9D1574B44}.Debug|iPhone.Deploy.0 = Debug|Any CPU
		{0DE2BA48-1A95-45E6-9491-26C9D1574B44}.Debug|iPhoneSimulator.ActiveCfg = Debug|Any CPU
		{0DE2BA48-1A95-45E6-9491-26C9D1574B44}.Debug|iPhoneSimulator.Build.0 = Debug|Any CPU
		{0DE2BA48-1A95-45E6-9491-26C9D1574B44}.Debug|iPhoneSimulator.Deploy.0 = Debug|Any CPU
		{0DE2BA48-1A95-45E6-9491-26C9D1574B44}.Release|Any CPU.ActiveCfg = Release|Any CPU
		{0DE2BA48-1A95-45E6-9491-26C9D1574B44}.Release|Any CPU.Build.0 = Release|Any CPU
		{0DE2BA48-1A95-45E6-9491-26C9D1574B44}.Release|Any CPU.Deploy.0 = Release|Any CPU
		{0DE2BA48-1A95-45E6-9491-26C9D1574B44}.Release|iPhone.ActiveCfg = Release|Any CPU
		{0DE2BA48-1A95-45E6-9491-26C9D1574B44}.Release|iPhone.Build.0 = Release|Any CPU
		{0DE2BA48-1A95-45E6-9491-26C9D1574B44}.Release|iPhone.Deploy.0 = Release|Any CPU
		{0DE2BA48-1A95-45E6-9491-26C9D1574B44}.Release|iPhoneSimulator.ActiveCfg = Release|Any CPU
		{0DE2BA48-1A95-45E6-9491-26C9D1574B44}.Release|iPhoneSimulator.Build.0 = Release|Any CPU
		{0DE2BA48-1A95-45E6-9491-26C9D1574B44}.Release|iPhoneSimulator.Deploy.0 = Release|Any CPU
	EndGlobalSection
	GlobalSection(SolutionProperties) = preSolution
		HideSolutionNode = FALSE
	EndGlobalSection
	GlobalSection(ExtensibilityGlobals) = postSolution
		SolutionGuid = {08CF248E-DFC7-4EBD-A083-EC02E7118317}
	EndGlobalSection
EndGlobal
